
Microsoft Visual Studio Solution File, Format Version 12.00
# Visual Studio Version 17
VisualStudioVersion = 17.2.32630.192
MinimumVisualStudioVersion = 10.0.40219.1
Project("{FAE04EC0-301F-11D3-BF4B-00C04F79EFBC}") = "SeleniumSwagLabs", "SeleniumSwagLabs\SeleniumSwagLabs.csproj", "{AEBFF6F4-3BDE-497A-AE7F-64AC8C0CA666}"
EndProject
Global
	GlobalSection(SolutionConfigurationPlatforms) = preSolution
		Debug|Any CPU = Debug|Any CPU
		Release|Any CPU = Release|Any CPU
	EndGlobalSection
	GlobalSection(ProjectConfigurationPlatforms) = postSolution
		{AEBFF6F4-3BDE-497A-AE7F-64AC8C0CA666}.Debug|Any CPU.ActiveCfg = Debug|Any CPU
		{AEBFF6F4-3BDE-497A-AE7F-64AC8C0CA666}.Debug|Any CPU.Build.0 = Debug|Any CPU
		{AEBFF6F4-3BDE-497A-AE7F-64AC8C0CA666}.Release|Any CPU.ActiveCfg = Release|Any CPU
		{AEBFF6F4-3BDE-497A-AE7F-64AC8C0CA666}.Release|Any CPU.Build.0 = Release|Any CPU
	EndGlobalSection
	GlobalSection(SolutionProperties) = preSolution
		HideSolutionNode = FALSE
	EndGlobalSection
	GlobalSection(ExtensibilityGlobals) = postSolution
		SolutionGuid = {6DEA1F63-27B0-49A3-A919-30EBF81BFC35}
	EndGlobalSection
EndGlobal
